
Microsoft Visual Studio Solution File, Format Version 12.00
# Visual Studio 2012
Project("{F184B08F-C81C-45F6-A57F-5ABD9991F28F}") = "ASM_PS03911", "ASM_PS03911\ASM_PS03911.vbproj", "{9E5EC775-A183-4AD0-AF0B-4C3F3B3DA503}"
EndProject
Global
	GlobalSection(SolutionConfigurationPlatforms) = preSolution
		Debug|Any CPU = Debug|Any CPU
		Release|Any CPU = Release|Any CPU
	EndGlobalSection
	GlobalSection(ProjectConfigurationPlatforms) = postSolution
		{9E5EC775-A183-4AD0-AF0B-4C3F3B3DA503}.Debug|Any CPU.ActiveCfg = Debug|Any CPU
		{9E5EC775-A183-4AD0-AF0B-4C3F3B3DA503}.Debug|Any CPU.Build.0 = Debug|Any CPU
		{9E5EC775-A183-4AD0-AF0B-4C3F3B3DA503}.Release|Any CPU.ActiveCfg = Release|Any CPU
		{9E5EC775-A183-4AD0-AF0B-4C3F3B3DA503}.Release|Any CPU.Build.0 = Release|Any CPU
	EndGlobalSection
	GlobalSection(SolutionProperties) = preSolution
		HideSolutionNode = FALSE
	EndGlobalSection
EndGlobal
